
Microsoft Visual Studio Solution File, Format Version 12.00
# Visual Studio 15
VisualStudioVersion = 15.0.28307.421
MinimumVisualStudioVersion = 10.0.40219.1
Project("{FAE04EC0-301F-11D3-BF4B-00C04F79EFBC}") = "SeleniumCore", "SeleniumCore\SeleniumCore.csproj", "{8AE6BBE3-512B-40A4-ACCF-B9BB5FAFCE80}"
EndProject
Global
	GlobalSection(SolutionConfigurationPlatforms) = preSolution
		Debug|Any CPU = Debug|Any CPU
		Release|Any CPU = Release|Any CPU
	EndGlobalSection
	GlobalSection(ProjectConfigurationPlatforms) = postSolution
		{8AE6BBE3-512B-40A4-ACCF-B9BB5FAFCE80}.Debug|Any CPU.ActiveCfg = Debug|Any CPU
		{8AE6BBE3-512B-40A4-ACCF-B9BB5FAFCE80}.Debug|Any CPU.Build.0 = Debug|Any CPU
		{8AE6BBE3-512B-40A4-ACCF-B9BB5FAFCE80}.Release|Any CPU.ActiveCfg = Release|Any CPU
		{8AE6BBE3-512B-40A4-ACCF-B9BB5FAFCE80}.Release|Any CPU.Build.0 = Release|Any CPU
	EndGlobalSection
	GlobalSection(SolutionProperties) = preSolution
		HideSolutionNode = FALSE
	EndGlobalSection
	GlobalSection(ExtensibilityGlobals) = postSolution
		SolutionGuid = {4ECB2D28-B1E9-4F7A-84DB-A65EAF4C5A6B}
	EndGlobalSection
EndGlobal
